
Microsoft Visual Studio Solution File, Format Version 12.00
# Visual Studio Version 16
VisualStudioVersion = 25.0.1705.6
MinimumVisualStudioVersion = 10.0.40219.1
Project("{FAE04EC0-301F-11D3-BF4B-00C04F79EFBC}") = "OpenTelemetry.POC.Consumer", "src\OpenTelemetry.POC.Consumer\OpenTelemetry.POC.Consumer.csproj", "{5D7A27CC-7760-45A9-A088-977DAB487F4F}"
EndProject
Project("{2150E333-8FDC-42A3-9474-1A3956D46DE8}") = "Solution Items", "Solution Items", "{A6A13732-3976-4772-9ACC-2D70A060DCCC}"
	ProjectSection(SolutionItems) = preProject
		docker-compose.yml = docker-compose.yml
		poc.env = poc.env
	EndProjectSection
EndProject
Project("{FAE04EC0-301F-11D3-BF4B-00C04F79EFBC}") = "Contracts", "src\Contracts\Contracts.csproj", "{6E414774-6369-41FB-8990-9FE03403B4B4}"
EndProject
Project("{FAE04EC0-301F-11D3-BF4B-00C04F79EFBC}") = "OpenTelemetry.POC.Api", "src\OpenTelemetry.POC.Api\OpenTelemetry.POC.Api.csproj", "{716097CA-F2E7-4623-9BC9-6841696C5DC6}"
EndProject
Project("{FAE04EC0-301F-11D3-BF4B-00C04F79EFBC}") = "OpenTelemetry.POC.Web", "src\OpenTelemetry.POC.Web\OpenTelemetry.POC.Web.csproj", "{BAA89FAE-55F3-4D5F-8363-A382C4FFFA2D}"
EndProject
Global
	GlobalSection(SolutionConfigurationPlatforms) = preSolution
		Debug|Any CPU = Debug|Any CPU
		Release|Any CPU = Release|Any CPU
	EndGlobalSection
	GlobalSection(ProjectConfigurationPlatforms) = postSolution
		{5D7A27CC-7760-45A9-A088-977DAB487F4F}.Debug|Any CPU.ActiveCfg = Debug|Any CPU
		{5D7A27CC-7760-45A9-A088-977DAB487F4F}.Debug|Any CPU.Build.0 = Debug|Any CPU
		{5D7A27CC-7760-45A9-A088-977DAB487F4F}.Release|Any CPU.ActiveCfg = Release|Any CPU
		{5D7A27CC-7760-45A9-A088-977DAB487F4F}.Release|Any CPU.Build.0 = Release|Any CPU
		{6E414774-6369-41FB-8990-9FE03403B4B4}.Debug|Any CPU.ActiveCfg = Debug|Any CPU
		{6E414774-6369-41FB-8990-9FE03403B4B4}.Debug|Any CPU.Build.0 = Debug|Any CPU
		{6E414774-6369-41FB-8990-9FE03403B4B4}.Release|Any CPU.ActiveCfg = Release|Any CPU
		{6E414774-6369-41FB-8990-9FE03403B4B4}.Release|Any CPU.Build.0 = Release|Any CPU
		{716097CA-F2E7-4623-9BC9-6841696C5DC6}.Debug|Any CPU.ActiveCfg = Debug|Any CPU
		{716097CA-F2E7-4623-9BC9-6841696C5DC6}.Debug|Any CPU.Build.0 = Debug|Any CPU
		{716097CA-F2E7-4623-9BC9-6841696C5DC6}.Release|Any CPU.ActiveCfg = Release|Any CPU
		{716097CA-F2E7-4623-9BC9-6841696C5DC6}.Release|Any CPU.Build.0 = Release|Any CPU
		{BAA89FAE-55F3-4D5F-8363-A382C4FFFA2D}.Debug|Any CPU.ActiveCfg = Debug|Any CPU
		{BAA89FAE-55F3-4D5F-8363-A382C4FFFA2D}.Debug|Any CPU.Build.0 = Debug|Any CPU
		{BAA89FAE-55F3-4D5F-8363-A382C4FFFA2D}.Release|Any CPU.ActiveCfg = Release|Any CPU
		{BAA89FAE-55F3-4D5F-8363-A382C4FFFA2D}.Release|Any CPU.Build.0 = Release|Any CPU
	EndGlobalSection
	GlobalSection(SolutionProperties) = preSolution
		HideSolutionNode = FALSE
	EndGlobalSection
	GlobalSection(ExtensibilityGlobals) = postSolution
		SolutionGuid = {27A01798-A19C-4C13-959F-4501A26F8B52}
	EndGlobalSection
	GlobalSection(NestedProjects) = preSolution
	EndGlobalSection
EndGlobal
